<Solution>
  <Folder Name="/Solution Items/">
    <File Path=".editorconfig" />
  </Folder>
  <Project Path="Arc.Threading/Arc.Threading.csproj" />
  <Project Path="Benchmark/Benchmark.csproj" />
  <Project Path="QuickStart/QuickStart.csproj" />
  <Project Path="Sandbox/Sandbox.csproj" />
  <Project Path="Test/Test.csproj" />
</Solution>
